Microsoft Visual Studio Solution File, Format Version 12.00
# Visual Studio Version 16
VisualStudioVersion = 16.0.29209.152
MinimumVisualStudioVersion = 15.0.26730.03
Project("{2150E333-8FDC-42A3-9474-1A3956D46DE8}") = "src", "src", "{7E8380DB-F015-407B-99C2-26404E551673}"
	ProjectSection(SolutionItems) = preProject
		src\Directory.Build.props = src\Directory.Build.props
	EndProjectSection
EndProject
Project("{2150E333-8FDC-42A3-9474-1A3956D46DE8}") = "test", "test", "{6EC4A4AA-D865-4EF9-BD52-C2D0AA075CDF}"
	ProjectSection(SolutionItems) = preProject
		test\Directory.Build.props = test\Directory.Build.props
	EndProjectSection
EndProject
Project("{2150E333-8FDC-42A3-9474-1A3956D46DE8}") = "Solution Items", "Solution Items", "{F0BD39F9-2120-45AD-9FA0-9B080E38DAE5}"
	ProjectSection(SolutionItems) = preProject
		.editorconfig = .editorconfig
		Development.props.sample = Development.props.sample
		Directory.Build.props = Directory.Build.props
		Directory.Build.targets = Directory.Build.targets
		global.json = global.json
		Version.props = Version.props
		README.md = README.md
		dotnet-tools.json = dotnet-tools.json
		Dependencies.targets = Dependencies.targets
		NuGet.config = NuGet.config
	EndProjectSection
EndProject
Project("{9A19103F-16F7-4668-BE54-9A1E7A4F7556}") = "EFCore.MySql", "src\EFCore.MySql\EFCore.MySql.csproj", "{FC2779F0-2A2A-4BE2-B5A8-FDA31A4A404A}"
EndProject
Project("{9A19103F-16F7-4668-BE54-9A1E7A4F7556}") = "EFCore.MySql.Tests", "test\EFCore.MySql.Tests\EFCore.MySql.Tests.csproj", "{DE5212AE-4C17-4702-851D-0F1FC0D32E3C}"
EndProject
Project("{9A19103F-16F7-4668-BE54-9A1E7A4F7556}") = "EFCore.MySql.FunctionalTests", "test\EFCore.MySql.FunctionalTests\EFCore.MySql.FunctionalTests.csproj", "{E7D9C7D9-1CDD-4745-975D-9752AE095418}"
EndProject
Project("{9A19103F-16F7-4668-BE54-9A1E7A4F7556}") = "EFCore.MySql.IntegrationTests", "test\EFCore.MySql.IntegrationTests\EFCore.MySql.IntegrationTests.csproj", "{FF3B4140-42B3-4127-96D8-681858A5387B}"
EndProject
Project("{FAE04EC0-301F-11D3-BF4B-00C04F79EFBC}") = "EFCore.MySql.NTS", "src\EFCore.MySql.NTS\EFCore.MySql.NTS.csproj", "{7A727AB9-38F0-40E5-B134-7AC830B8D1EC}"
EndProject
Project("{FAE04EC0-301F-11D3-BF4B-00C04F79EFBC}") = "EFCore.MySql.Json.Microsoft", "src\EFCore.MySql.Json.Microsoft\EFCore.MySql.Json.Microsoft.csproj", "{C27A301A-F47E-4584-88DB-0474AE446405}"
EndProject
Project("{FAE04EC0-301F-11D3-BF4B-00C04F79EFBC}") = "EFCore.MySql.Json.Newtonsoft", "src\EFCore.MySql.Json.Newtonsoft\EFCore.MySql.Json.Newtonsoft.csproj", "{BBA0BB73-3D75-4F08-992F-A2CF9F52E7AD}"
EndProject
Project("{FAE04EC0-301F-11D3-BF4B-00C04F79EFBC}") = "QueryBaselineUpdater", "tools\QueryBaselineUpdater\QueryBaselineUpdater.csproj", "{57293669-2ADF-448F-AE22-B49BAC4A335E}"
EndProject
Project("{2150E333-8FDC-42A3-9474-1A3956D46DE8}") = "tools", "tools", "{DD543966-92C7-4FE6-B953-3270E3E11D46}"
EndProject
Global
	GlobalSection(SolutionConfigurationPlatforms) = preSolution
		Debug|Any CPU = Debug|Any CPU
		Release|Any CPU = Release|Any CPU
	EndGlobalSection
	GlobalSection(ProjectConfigurationPlatforms) = postSolution
		{FC2779F0-2A2A-4BE2-B5A8-FDA31A4A404A}.Debug|Any CPU.ActiveCfg = Debug|Any CPU
		{FC2779F0-2A2A-4BE2-B5A8-FDA31A4A404A}.Debug|Any CPU.Build.0 = Debug|Any CPU
		{FC2779F0-2A2A-4BE2-B5A8-FDA31A4A404A}.Release|Any CPU.ActiveCfg = Release|Any CPU
		{FC2779F0-2A2A-4BE2-B5A8-FDA31A4A404A}.Release|Any CPU.Build.0 = Release|Any CPU
		{DE5212AE-4C17-4702-851D-0F1FC0D32E3C}.Debug|Any CPU.ActiveCfg = Debug|Any CPU
		{DE5212AE-4C17-4702-851D-0F1FC0D32E3C}.Debug|Any CPU.Build.0 = Debug|Any CPU
		{DE5212AE-4C17-4702-851D-0F1FC0D32E3C}.Release|Any CPU.ActiveCfg = Release|Any CPU
		{DE5212AE-4C17-4702-851D-0F1FC0D32E3C}.Release|Any CPU.Build.0 = Release|Any CPU
		{E7D9C7D9-1CDD-4745-975D-9752AE095418}.Debug|Any CPU.ActiveCfg = Debug|Any CPU
		{E7D9C7D9-1CDD-4745-975D-9752AE095418}.Debug|Any CPU.Build.0 = Debug|Any CPU
		{E7D9C7D9-1CDD-4745-975D-9752AE095418}.Release|Any CPU.ActiveCfg = Release|Any CPU
		{E7D9C7D9-1CDD-4745-975D-9752AE095418}.Release|Any CPU.Build.0 = Release|Any CPU
		{FF3B4140-42B3-4127-96D8-681858A5387B}.Debug|Any CPU.ActiveCfg = Debug|Any CPU
		{FF3B4140-42B3-4127-96D8-681858A5387B}.Debug|Any CPU.Build.0 = Debug|Any CPU
		{FF3B4140-42B3-4127-96D8-681858A5387B}.Release|Any CPU.ActiveCfg = Release|Any CPU
		{FF3B4140-42B3-4127-96D8-681858A5387B}.Release|Any CPU.Build.0 = Release|Any CPU
		{7A727AB9-38F0-40E5-B134-7AC830B8D1EC}.Debug|Any CPU.ActiveCfg = Debug|Any CPU
		{7A727AB9-38F0-40E5-B134-7AC830B8D1EC}.Debug|Any CPU.Build.0 = Debug|Any CPU
		{7A727AB9-38F0-40E5-B134-7AC830B8D1EC}.Release|Any CPU.ActiveCfg = Release|Any CPU
		{7A727AB9-38F0-40E5-B134-7AC830B8D1EC}.Release|Any CPU.Build.0 = Release|Any CPU
		{C27A301A-F47E-4584-88DB-0474AE446405}.Debug|Any CPU.ActiveCfg = Debug|Any CPU
		{C27A301A-F47E-4584-88DB-0474AE446405}.Debug|Any CPU.Build.0 = Debug|Any CPU
		{C27A301A-F47E-4584-88DB-0474AE446405}.Release|Any CPU.ActiveCfg = Release|Any CPU
		{C27A301A-F47E-4584-88DB-0474AE446405}.Release|Any CPU.Build.0 = Release|Any CPU
		{BBA0BB73-3D75-4F08-992F-A2CF9F52E7AD}.Debug|Any CPU.ActiveCfg = Debug|Any CPU
		{BBA0BB73-3D75-4F08-992F-A2CF9F52E7AD}.Debug|Any CPU.Build.0 = Debug|Any CPU
		{BBA0BB73-3D75-4F08-992F-A2CF9F52E7AD}.Release|Any CPU.ActiveCfg = Release|Any CPU
		{BBA0BB73-3D75-4F08-992F-A2CF9F52E7AD}.Release|Any CPU.Build.0 = Release|Any CPU
		{57293669-2ADF-448F-AE22-B49BAC4A335E}.Debug|Any CPU.ActiveCfg = Debug|Any CPU
		{57293669-2ADF-448F-AE22-B49BAC4A335E}.Debug|Any CPU.Build.0 = Debug|Any CPU
		{57293669-2ADF-448F-AE22-B49BAC4A335E}.Release|Any CPU.ActiveCfg = Release|Any CPU
		{57293669-2ADF-448F-AE22-B49BAC4A335E}.Release|Any CPU.Build.0 = Release|Any CPU
	EndGlobalSection
	GlobalSection(SolutionProperties) = preSolution
		HideSolutionNode = FALSE
	EndGlobalSection
	GlobalSection(NestedProjects) = preSolution
		{FC2779F0-2A2A-4BE2-B5A8-FDA31A4A404A} = {7E8380DB-F015-407B-99C2-26404E551673}
		{DE5212AE-4C17-4702-851D-0F1FC0D32E3C} = {6EC4A4AA-D865-4EF9-BD52-C2D0AA075CDF}
		{E7D9C7D9-1CDD-4745-975D-9752AE095418} = {6EC4A4AA-D865-4EF9-BD52-C2D0AA075CDF}
		{FF3B4140-42B3-4127-96D8-681858A5387B} = {6EC4A4AA-D865-4EF9-BD52-C2D0AA075CDF}
		{7A727AB9-38F0-40E5-B134-7AC830B8D1EC} = {7E8380DB-F015-407B-99C2-26404E551673}
		{C27A301A-F47E-4584-88DB-0474AE446405} = {7E8380DB-F015-407B-99C2-26404E551673}
		{BBA0BB73-3D75-4F08-992F-A2CF9F52E7AD} = {7E8380DB-F015-407B-99C2-26404E551673}
		{57293669-2ADF-448F-AE22-B49BAC4A335E} = {DD543966-92C7-4FE6-B953-3270E3E11D46}
	EndGlobalSection
	GlobalSection(ExtensibilityGlobals) = postSolution
		SolutionGuid = {48E34212-4B35-4A81-92F9-3C25D4E76D6C}
	EndGlobalSection
EndGlobal
